
Microsoft Visual Studio Solution File, Format Version 12.00
# Visual Studio Version 16
VisualStudioVersion = 16.0.30711.63
MinimumVisualStudioVersion = 10.0.40219.1
Project("{9A19103F-16F7-4668-BE54-9A1E7A4F7556}") = "DAOproject", "DAOproject.csproj", "{141FEEC6-E9AA-4700-AB17-DABF5D05C78C}"
EndProject
Global
	GlobalSection(SolutionConfigurationPlatforms) = preSolution
		Debug|Any CPU = Debug|Any CPU
		Release|Any CPU = Release|Any CPU
	EndGlobalSection
	GlobalSection(ProjectConfigurationPlatforms) = postSolution
		{141FEEC6-E9AA-4700-AB17-DABF5D05C78C}.Debug|Any CPU.ActiveCfg = Debug|Any CPU
		{141FEEC6-E9AA-4700-AB17-DABF5D05C78C}.Debug|Any CPU.Build.0 = Debug|Any CPU
		{141FEEC6-E9AA-4700-AB17-DABF5D05C78C}.Release|Any CPU.ActiveCfg = Release|Any CPU
		{141FEEC6-E9AA-4700-AB17-DABF5D05C78C}.Release|Any CPU.Build.0 = Release|Any CPU
	EndGlobalSection
	GlobalSection(SolutionProperties) = preSolution
		HideSolutionNode = FALSE
	EndGlobalSection
	GlobalSection(ExtensibilityGlobals) = postSolution
		SolutionGuid = {C3B153B1-4510-425A-BDB8-5B069D81C81C}
	EndGlobalSection
EndGlobal
